// !$*UTF8*$!
{
	archiveVersion = 1;
	classes = {
	};
	objectVersion = 55;
	objects = {

/* Begin PBXBuildFile section */
		4243BDCC29EAF1DF00C14B68 /* DedicationAppApp.swift in Sources */ = {isa = PBXBuildFile; fileRef = 4243BDCB29EAF1DF00C14B68 /* DedicationAppApp.swift */; };
		4243BDCE29EAF1DF00C14B68 /* ContentView.swift in Sources */ = {isa = PBXBuildFile; fileRef = 4243BDCD29EAF1DF00C14B68 /* ContentView.swift */; };
		4243BDD029EAF1E100C14B68 /* Assets.xcassets in Resources */ = {isa = PBXBuildFile; fileRef = 4243BDCF29EAF1E100C14B68 /* Assets.xcassets */; };
		4243BDD329EAF1E100C14B68 /* Preview Assets.xcassets in Resources */ = {isa = PBXBuildFile; fileRef = 4243BDD229EAF1E100C14B68 /* Preview Assets.xcassets */; };
		4243BDDD29EAF1E100C14B68 /* DedicationAppTests.swift in Sources */ = {isa = PBXBuildFile; fileRef = 4243BDDC29EAF1E100C14B68 /* DedicationAppTests.swift */; };
		4243BDE729EAF1E200C14B68 /* DedicationAppUITests.swift in Sources */ = {isa = PBXBuildFile; fileRef = 4243BDE629EAF1E200C14B68 /* DedicationAppUITests.swift */; };
		4243BDE929EAF1E200C14B68 /* DedicationAppUITestsLaunchTests.swift in Sources */ = {isa = PBXBuildFile; fileRef = 4243BDE829EAF1E200C14B68 /* DedicationAppUITestsLaunchTests.swift */; };
/* End PBXBuildFile section */

/* Begin PBXContainerItemProxy section */
		4243BDD929EAF1E100C14B68 /* PBXContainerItemProxy */ = {
			isa = PBXContainerItemProxy;
			containerPortal = 4243BDC029EAF1DF00C14B68 /* Project object */;
			proxyType = 1;
			remoteGlobalIDString = 4243BDC729EAF1DF00C14B68;
			remoteInfo = DedicationApp;
		};
		4243BDE329EAF1E100C14B68 /* PBXContainerItemProxy */ = {
			isa = PBXContainerItemProxy;
			containerPortal = 4243BDC029EAF1DF00C14B68 /* Project object */;
			proxyType = 1;
			remoteGlobalIDString = 4243BDC729EAF1DF00C14B68;
			remoteInfo = DedicationApp;
		};
/* End PBXContainerItemProxy section */

/* Begin PBXFileReference section */
		4243BDC829EAF1DF00C14B68 /* DedicationApp.app */ = {isa = PBXFileReference; explicitFileType = wrapper.application; includeInIndex = 0; path = DedicationApp.app; sourceTree = BUILT_PRODUCTS_DIR; };
		4243BDCB29EAF1DF00C14B68 /* DedicationAppApp.swift */ = {isa = PBXFileReference; lastKnownFileType = sourcecode.swift; path = DedicationAppApp.swift; sourceTree = "<group>"; };
		4243BDCD29EAF1DF00C14B68 /* ContentView.swift */ = {isa = PBXFileReference; lastKnownFileType = sourcecode.swift; path = ContentView.swift; sourceTree = "<group>"; };
		4243BDCF29EAF1E100C14B68 /* Assets.xcassets */ = {isa = PBXFileReference; lastKnownFileType = folder.assetcatalog; path = Assets.xcassets; sourceTree = "<group>"; };
		4243BDD229EAF1E100C14B68 /* Preview Assets.xcassets */ = {isa = PBXFileReference; lastKnownFileType = folder.assetcatalog; path = "Preview Assets.xcassets"; sourceTree = "<group>"; };
		4243BDD829EAF1E100C14B68 /* DedicationAppTests.xctest */ = {isa = PBXFileReference; explicitFileType = wrapper.cfbundle; includeInIndex = 0; path = DedicationAppTests.xctest; sourceTree = BUILT_PRODUCTS_DIR; };
		4243BDDC29EAF1E100C14B68 /* DedicationAppTests.swift */ = {isa = PBXFileReference; lastKnownFileType = sourcecode.swift; path = DedicationAppTests.swift; sourceTree = "<group>"; };
		4243BDE229EAF1E100C14B68 /* DedicationAppUITests.xctest */ = {isa = PBXFileReference; explicitFileType = wrapper.cfbundle; includeInIndex = 0; path = DedicationAppUITests.xctest; sourceTree = BUILT_PRODUCTS_DIR; };
		4243BDE629EAF1E200C14B68 /* DedicationAppUITests.swift */ = {isa = PBXFileReference; lastKnownFileType = sourcecode.swift; path = DedicationAppUITests.swift; sourceTree = "<group>"; };
		4243BDE829EAF1E200C14B68 /* DedicationAppUITestsLaunchTests.swift */ = {isa = PBXFileReference; lastKnownFileType = sourcecode.swift; path = DedicationAppUITestsLaunchTests.swift; sourceTree = "<group>"; };
/* End PBXFileReference section */

/* Begin PBXFrameworksBuildPhase section */
		4243BDC529EAF1DF00C14B68 /* Frameworks */ = {
			isa = PBXFrameworksBuildPhase;
			buildActionMask = 2147483647;
			files = (
			);
			runOnlyForDeploymentPostprocessing = 0;
		};
		4243BDD529EAF1E100C14B68 /* Frameworks */ = {
			isa = PBXFrameworksBuildPhase;
			buildActionMask = 2147483647;
			files = (
			);
			runOnlyForDeploymentPostprocessing = 0;
		};
		4243BDDF29EAF1E100C14B68 /* Frameworks */ = {
			isa = PBXFrameworksBuildPhase;
			buildActionMask = 2147483647;
			files = (
			);
			runOnlyForDeploymentPostprocessing = 0;
		};
/* End PBXFrameworksBuildPhase section */

/* Begin PBXGroup section */
		4243BDBF29EAF1DF00C14B68 = {
			isa = PBXGroup;
			children = (
				4243BDCA29EAF1DF00C14B68 /* DedicationApp */,
				4243BDDB29EAF1E100C14B68 /* DedicationAppTests */,
				4243BDE529EAF1E200C14B68 /* DedicationAppUITests */,
				4243BDC929EAF1DF00C14B68 /* Products */,
			);
			sourceTree = "<group>";
		};
		4243BDC929EAF1DF00C14B68 /* Products */ = {
			isa = PBXGroup;
			children = (
				4243BDC829EAF1DF00C14B68 /* DedicationApp.app */,
				4243BDD829EAF1E100C14B68 /* DedicationAppTests.xctest */,
				4243BDE229EAF1E100C14B68 /* DedicationAppUITests.xctest */,
			);
			name = Products;
			sourceTree = "<group>";
		};
		4243BDCA29EAF1DF00C14B68 /* DedicationApp */ = {
			isa = PBXGroup;
			children = (
				4243BDCB29EAF1DF00C14B68 /* DedicationAppApp.swift */,
				4243BDCD29EAF1DF00C14B68 /* ContentView.swift */,
				4243BDCF29EAF1E100C14B68 /* Assets.xcassets */,
				4243BDD129EAF1E100C14B68 /* Preview Content */,
			);
			path = DedicationApp;
			sourceTree = "<group>";
		};
		4243BDD129EAF1E100C14B68 /* Preview Content */ = {
			isa = PBXGroup;
			children = (
				4243BDD229EAF1E100C14B68 /* Preview Assets.xcassets */,
			);
			path = "Preview Content";
			sourceTree = "<group>";
		};
		4243BDDB29EAF1E100C14B68 /* DedicationAppTests */ = {
			isa = PBXGroup;
			children = (
				4243BDDC29EAF1E100C14B68 /* DedicationAppTests.swift */,
			);
			path = DedicationAppTests;
			sourceTree = "<group>";
		};
		4243BDE529EAF1E200C14B68 /* DedicationAppUITests */ = {
			isa = PBXGroup;
			children = (
				4243BDE629EAF1E200C14B68 /* DedicationAppUITests.swift */,
				4243BDE829EAF1E200C14B68 /* DedicationAppUITestsLaunchTests.swift */,
			);
			path = DedicationAppUITests;
			sourceTree = "<group>";
		};
/* End PBXGroup section */

/* Begin PBXNativeTarget section */
		4243BDC729EAF1DF00C14B68 /* DedicationApp */ = {
			isa = PBXNativeTarget;
			buildConfigurationList = 4243BDEC29EAF1E200C14B68 /* Build configuration list for PBXNativeTarget "DedicationApp" */;
			buildPhases = (
				4243BDC429EAF1DF00C14B68 /* Sources */,
				4243BDC529EAF1DF00C14B68 /* Frameworks */,
				4243BDC629EAF1DF00C14B68 /* Resources */,
			);
			buildRules = (
			);
			dependencies = (
			);
			name = DedicationApp;
			productName = DedicationApp;
			productReference = 4243BDC829EAF1DF00C14B68 /* DedicationApp.app */;
			productType = "com.apple.product-type.application";
		};
		4243BDD729EAF1E100C14B68 /* DedicationAppTests */ = {
			isa = PBXNativeTarget;
			buildConfigurationList = 4243BDEF29EAF1E200C14B68 /* Build configuration list for PBXNativeTarget "DedicationAppTests" */;
			buildPhases = (
				4243BDD429EAF1E100C14B68 /* Sources */,
				4243BDD529EAF1E100C14B68 /* Frameworks */,
				4243BDD629EAF1E100C14B68 /* Resources */,
			);
			buildRules = (
			);
			dependencies = (
				4243BDDA29EAF1E100C14B68 /* PBXTargetDependency */,
			);
			name = DedicationAppTests;
			productName = DedicationAppTests;
			productReference = 4243BDD829EAF1E100C14B68 /* DedicationAppTests.xctest */;
			productType = "com.apple.product-type.bundle.unit-test";
		};
		4243BDE129EAF1E100C14B68 /* DedicationAppUITests */ = {
			isa = PBXNativeTarget;
			buildConfigurationList = 4243BDF229EAF1E200C14B68 /* Build configuration list for PBXNativeTarget "DedicationAppUITests" */;
			buildPhases = (
				4243BDDE29EAF1E100C14B68 /* Sources */,
				4243BDDF29EAF1E100C14B68 /* Frameworks */,
				4243BDE029EAF1E100C14B68 /* Resources */,
			);
			buildRules = (
			);
			dependencies = (
				4243BDE429EAF1E100C14B68 /* PBXTargetDependency */,
			);
			name = DedicationAppUITests;
			productName = DedicationAppUITests;
			productReference = 4243BDE229EAF1E100C14B68 /* DedicationAppUITests.xctest */;
			productType = "com.apple.product-type.bundle.ui-testing";
		};
/* End PBXNativeTarget section */

/* Begin PBXProject section */
		4243BDC029EAF1DF00C14B68 /* Project object */ = {
			isa = PBXProject;
			attributes = {
				BuildIndependentTargetsInParallel = 1;
				LastSwiftUpdateCheck = 1340;
				LastUpgradeCheck = 1340;
				TargetAttributes = {
					4243BDC729EAF1DF00C14B68 = {
						CreatedOnToolsVersion = 13.4.1;
					};
					4243BDD729EAF1E100C14B68 = {
						CreatedOnToolsVersion = 13.4.1;
						TestTargetID = 4243BDC729EAF1DF00C14B68;
					};
					4243BDE129EAF1E100C14B68 = {
						CreatedOnToolsVersion = 13.4.1;
						TestTargetID = 4243BDC729EAF1DF00C14B68;
					};
				};
			};
			buildConfigurationList = 4243BDC329EAF1DF00C14B68 /* Build configuration list for PBXProject "DedicationApp" */;
			compatibilityVersion = "Xcode 13.0";
			developmentRegion = en;
			hasScannedForEncodings = 0;
			knownRegions = (
				en,
				Base,
			);
			mainGroup = 4243BDBF29EAF1DF00C14B68;
			productRefGroup = 4243BDC929EAF1DF00C14B68 /* Products */;
			projectDirPath = "";
			projectRoot = "";
			targets = (
				4243BDC729EAF1DF00C14B68 /* DedicationApp */,
				4243BDD729EAF1E100C14B68 /* DedicationAppTests */,
				4243BDE129EAF1E100C14B68 /* DedicationAppUITests */,
			);
		};
/* End PBXProject section */

/* Begin PBXResourcesBuildPhase section */
		4243BDC629EAF1DF00C14B68 /* Resources */ = {
			isa = PBXResourcesBuildPhase;
			buildActionMask = 2147483647;
			files = (
				4243BDD329EAF1E100C14B68 /* Preview Assets.xcassets in Resources */,
				4243BDD029EAF1E100C14B68 /* Assets.xcassets in Resources */,
			);
			runOnlyForDeploymentPostprocessing = 0;
		};
		4243BDD629EAF1E100C14B68 /* Resources */ = {
			isa = PBXResourcesBuildPhase;
			buildActionMask = 2147483647;
			files = (
			);
			runOnlyForDeploymentPostprocessing = 0;
		};
		4243BDE029EAF1E100C14B68 /* Resources */ = {
			isa = PBXResourcesBuildPhase;
			buildActionMask = 2147483647;
			files = (
			);
			runOnlyForDeploymentPostprocessing = 0;
		};
/* End PBXResourcesBuildPhase section */

/* Begin PBXSourcesBuildPhase section */
		4243BDC429EAF1DF00C14B68 /* Sources */ = {
			isa = PBXSourcesBuildPhase;
			buildActionMask = 2147483647;
			files = (
				4243BDCE29EAF1DF00C14B68 /* ContentView.swift in Sources */,
				4243BDCC29EAF1DF00C14B68 /* DedicationAppApp.swift in Sources */,
			);
			runOnlyForDeploymentPostprocessing = 0;
		};
		4243BDD429EAF1E100C14B68 /* Sources */ = {
			isa = PBXSourcesBuildPhase;
			buildActionMask = 2147483647;
			files = (
				4243BDDD29EAF1E100C14B68 /* DedicationAppTests.swift in Sources */,
			);
			runOnlyForDeploymentPostprocessing = 0;
		};
		4243BDDE29EAF1E100C14B68 /* Sources */ = {
			isa = PBXSourcesBuildPhase;
			buildActionMask = 2147483647;
			files = (
				4243BDE929EAF1E200C14B68 /* DedicationAppUITestsLaunchTests.swift in Sources */,
				4243BDE729EAF1E200C14B68 /* DedicationAppUITests.swift in Sources */,
			);
			runOnlyForDeploymentPostprocessing = 0;
		};
/* End PBXSourcesBuildPhase section */

/* Begin PBXTargetDependency section */
		4243BDDA29EAF1E100C14B68 /* PBXTargetDependency */ = {
			isa = PBXTargetDependency;
			target = 4243BDC729EAF1DF00C14B68 /* DedicationApp */;
			targetProxy = 4243BDD929EAF1E100C14B68 /* PBXContainerItemProxy */;
		};
		4243BDE429EAF1E100C14B68 /* PBXTargetDependency */ = {
			isa = PBXTargetDependency;
			target = 4243BDC729EAF1DF00C14B68 /* DedicationApp */;
			targetProxy = 4243BDE329EAF1E100C14B68 /* PBXContainerItemProxy */;
		};
/* End PBXTargetDependency section */

/* Begin XCBuildConfiguration section */
		4243BDEA29EAF1E200C14B68 /* Debug */ = {
			isa = XCBuildConfiguration;
			buildSettings = {
				ALWAYS_SEARCH_USER_PATHS = NO;
				CLANG_ANALYZER_NONNULL = YES;
				CLANG_ANALYZER_NUMBER_OBJECT_CONVERSION = YES_AGGRESSIVE;
				CLANG_CXX_LANGUAGE_STANDARD = "gnu++17";
				CLANG_ENABLE_MODULES = YES;
				CLANG_ENABLE_OBJC_ARC = YES;
				CLANG_ENABLE_OBJC_WEAK = YES;
				CLANG_WARN_BLOCK_CAPTURE_AUTORELEASING = YES;
				CLANG_WARN_BOOL_CONVERSION = YES;
				CLANG_WARN_COMMA = YES;
				CLANG_WARN_CONSTANT_CONVERSION = YES;
				CLANG_WARN_DEPRECATED_OBJC_IMPLEMENTATIONS = YES;
				CLANG_WARN_DIRECT_OBJC_ISA_USAGE = YES_ERROR;
				CLANG_WARN_DOCUMENTATION_COMMENTS = YES;
				CLANG_WARN_EMPTY_BODY = YES;
				CLANG_WARN_ENUM_CONVERSION = YES;
				CLANG_WARN_INFINITE_RECURSION = YES;
				CLANG_WARN_INT_CONVERSION = YES;
				CLANG_WARN_NON_LITERAL_NULL_CONVERSION = YES;
				CLANG_WARN_OBJC_IMPLICIT_RETAIN_SELF = YES;
				CLANG_WARN_OBJC_LITERAL_CONVERSION = YES;
				CLANG_WARN_OBJC_ROOT_CLASS = YES_ERROR;
				CLANG_WARN_QUOTED_INCLUDE_IN_FRAMEWORK_HEADER = YES;
				CLANG_WARN_RANGE_LOOP_ANALYSIS = YES;
				CLANG_WARN_STRICT_PROTOTYPES = YES;
				CLANG_WARN_SUSPICIOUS_MOVE = YES;
				CLANG_WARN_UNGUARDED_AVAILABILITY = YES_AGGRESSIVE;
				CLANG_WARN_UNREACHABLE_CODE = YES;
				CLANG_WARN__DUPLICATE_METHOD_MATCH = YES;
				COPY_PHASE_STRIP = NO;
				DEBUG_INFORMATION_FORMAT = dwarf;
				ENABLE_STRICT_OBJC_MSGSEND = YES;
				ENABLE_TESTABILITY = YES;
				GCC_C_LANGUAGE_STANDARD = gnu11;
				GCC_DYNAMIC_NO_PIC = NO;
				GCC_NO_COMMON_BLOCKS = YES;
				GCC_OPTIMIZATION_LEVEL = 0;
				GCC_PREPROCESSOR_DEFINITIONS = (
					"DEBUG=1",
					"$(inherited)",
				);
				GCC_WARN_64_TO_32_BIT_CONVERSION = YES;
				GCC_WARN_ABOUT_RETURN_TYPE = YES_ERROR;
				GCC_WARN_UNDECLARED_SELECTOR = YES;
				GCC_WARN_UNINITIALIZED_AUTOS = YES_AGGRESSIVE;
				GCC_WARN_UNUSED_FUNCTION = YES;
				GCC_WARN_UNUSED_VARIABLE = YES;
				IPHONEOS_DEPLOYMENT_TARGET = 15.5;
				MTL_ENABLE_DEBUG_INFO = INCLUDE_SOURCE;
				MTL_FAST_MATH = YES;
				ONLY_ACTIVE_ARCH = YES;
				SDKROOT = iphoneos;
				SWIFT_ACTIVE_COMPILATION_CONDITIONS = DEBUG;
				SWIFT_OPTIMIZATION_LEVEL = "-Onone";
			};
			name = Debug;
		};
		4243BDEB29EAF1E200C14B68 /* Release */ = {
			isa = XCBuildConfiguration;
			buildSettings = {
				ALWAYS_SEARCH_USER_PATHS = NO;
				CLANG_ANALYZER_NONNULL = YES;
				CLANG_ANALYZER_NUMBER_OBJECT_CONVERSION = YES_AGGRESSIVE;
				CLANG_CXX_LANGUAGE_STANDARD = "gnu++17";
				CLANG_ENABLE_MODULES = YES;
				CLANG_ENABLE_OBJC_ARC = YES;
				CLANG_ENABLE_OBJC_WEAK = YES;
				CLANG_WARN_BLOCK_CAPTURE_AUTORELEASING = YES;
				CLANG_WARN_BOOL_CONVERSION = YES;
				CLANG_WARN_COMMA = YES;
				CLANG_WARN_CONSTANT_CONVERSION = YES;
				CLANG_WARN_DEPRECATED_OBJC_IMPLEMENTATIONS = YES;
				CLANG_WARN_DIRECT_OBJC_ISA_USAGE = YES_ERROR;
				CLANG_WARN_DOCUMENTATION_COMMENTS = YES;
				CLANG_WARN_EMPTY_BODY = YES;
				CLANG_WARN_ENUM_CONVERSION = YES;
				CLANG_WARN_INFINITE_RECURSION = YES;
				CLANG_WARN_INT_CONVERSION = YES;
				CLANG_WARN_NON_LITERAL_NULL_CONVERSION = YES;
				CLANG_WARN_OBJC_IMPLICIT_RETAIN_SELF = YES;
				CLANG_WARN_OBJC_LITERAL_CONVERSION = YES;
				CLANG_WARN_OBJC_ROOT_CLASS = YES_ERROR;
				CLANG_WARN_QUOTED_INCLUDE_IN_FRAMEWORK_HEADER = YES;
				CLANG_WARN_RANGE_LOOP_ANALYSIS = YES;
				CLANG_WARN_STRICT_PROTOTYPES = YES;
				CLANG_WARN_SUSPICIOUS_MOVE = YES;
				CLANG_WARN_UNGUARDED_AVAILABILITY = YES_AGGRESSIVE;
				CLANG_WARN_UNREACHABLE_CODE = YES;
				CLANG_WARN__DUPLICATE_METHOD_MATCH = YES;
				COPY_PHASE_STRIP = NO;
				DEBUG_INFORMATION_FORMAT = "dwarf-with-dsym";
				ENABLE_NS_ASSERTIONS = NO;
				ENABLE_STRICT_OBJC_MSGSEND = YES;
				GCC_C_LANGUAGE_STANDARD = gnu11;
				GCC_NO_COMMON_BLOCKS = YES;
				GCC_WARN_64_TO_32_BIT_CONVERSION = YES;
				GCC_WARN_ABOUT_RETURN_TYPE = YES_ERROR;
				GCC_WARN_UNDECLARED_SELECTOR = YES;
				GCC_WARN_UNINITIALIZED_AUTOS = YES_AGGRESSIVE;
				GCC_WARN_UNUSED_FUNCTION = YES;
				GCC_WARN_UNUSED_VARIABLE = YES;
				IPHONEOS_DEPLOYMENT_TARGET = 15.5;
				MTL_ENABLE_DEBUG_INFO = NO;
				MTL_FAST_MATH = YES;
				SDKROOT = iphoneos;
				SWIFT_COMPILATION_MODE = wholemodule;
				SWIFT_OPTIMIZATION_LEVEL = "-O";
				VALIDATE_PRODUCT = YES;
			};
			name = Release;
		};
		4243BDED29EAF1E200C14B68 /* Debug */ = {
			isa = XCBuildConfiguration;
			buildSettings = {
				ASSETCATALOG_COMPILER_APPICON_NAME = AppIcon;
				ASSETCATALOG_COMPILER_GLOBAL_ACCENT_COLOR_NAME = AccentColor;
				CODE_SIGN_STYLE = Automatic;
				CURRENT_PROJECT_VERSION = 1;
				DEVELOPMENT_ASSET_PATHS = "\"DedicationApp/Preview Content\"";
				DEVELOPMENT_TEAM = F3937QGJ3R;
				ENABLE_PREVIEWS = YES;
				GENERATE_INFOPLIST_FILE = YES;
				INFOPLIST_KEY_UIApplicationSceneManifest_Generation = YES;
				INFOPLIST_KEY_UIApplicationSupportsIndirectInputEvents = YES;
				INFOPLIST_KEY_UILaunchScreen_Generation = YES;
				INFOPLIST_KEY_UISupportedInterfaceOrientations_iPad = "UIInterfaceOrientationPortrait UIInterfaceOrientationPortraitUpsideDown UIInterfaceOrientationLandscapeLeft UIInterfaceOrientationLandscapeRight";
				INFOPLIST_KEY_UISupportedInterfaceOrientations_iPhone = "UIInterfaceOrientationPortrait UIInterfaceOrientationLandscapeLeft UIInterfaceOrientationLandscapeRight";
				LD_RUNPATH_SEARCH_PATHS = (
					"$(inherited)",
					"@executable_path/Frameworks",
				);
				MARKETING_VERSION = 1.0;
				PRODUCT_BUNDLE_IDENTIFIER = DedicationApp.DedicationApp;
				PRODUCT_NAME = "$(TARGET_NAME)";
				SWIFT_EMIT_LOC_STRINGS = YES;
				SWIFT_VERSION = 5.0;
				TARGETED_DEVICE_FAMILY = "1,2";
			};
			name = Debug;
		};
		4243BDEE29EAF1E200C14B68 /* Release */ = {
			isa = XCBuildConfiguration;
			buildSettings = {
				ASSETCATALOG_COMPILER_APPICON_NAME = AppIcon;
				ASSETCATALOG_COMPILER_GLOBAL_ACCENT_COLOR_NAME = AccentColor;
				CODE_SIGN_STYLE = Automatic;
				CURRENT_PROJECT_VERSION = 1;
				DEVELOPMENT_ASSET_PATHS = "\"DedicationApp/Preview Content\"";
				DEVELOPMENT_TEAM = F3937QGJ3R;
				ENABLE_PREVIEWS = YES;
				GENERATE_INFOPLIST_FILE = YES;
				INFOPLIST_KEY_UIApplicationSceneManifest_Generation = YES;
				INFOPLIST_KEY_UIApplicationSupportsIndirectInputEvents = YES;
				INFOPLIST_KEY_UILaunchScreen_Generation = YES;
				INFOPLIST_KEY_UISupportedInterfaceOrientations_iPad = "UIInterfaceOrientationPortrait UIInterfaceOrientationPortraitUpsideDown UIInterfaceOrientationLandscapeLeft UIInterfaceOrientationLandscapeRight";
				INFOPLIST_KEY_UISupportedInterfaceOrientations_iPhone = "UIInterfaceOrientationPortrait UIInterfaceOrientationLandscapeLeft UIInterfaceOrientationLandscapeRight";
				LD_RUNPATH_SEARCH_PATHS = (
					"$(inherited)",
					"@executable_path/Frameworks",
				);
				MARKETING_VERSION = 1.0;
				PRODUCT_BUNDLE_IDENTIFIER = DedicationApp.DedicationApp;
				PRODUCT_NAME = "$(TARGET_NAME)";
				SWIFT_EMIT_LOC_STRINGS = YES;
				SWIFT_VERSION = 5.0;
				TARGETED_DEVICE_FAMILY = "1,2";
			};
			name = Release;
		};
		4243BDF029EAF1E200C14B68 /* Debug */ = {
			isa = XCBuildConfiguration;
			buildSettings = {
				ALWAYS_EMBED_SWIFT_STANDARD_LIBRARIES = YES;
				BUNDLE_LOADER = "$(TEST_HOST)";
				CODE_SIGN_STYLE = Automatic;
				CURRENT_PROJECT_VERSION = 1;
				DEVELOPMENT_TEAM = F3937QGJ3R;
				GENERATE_INFOPLIST_FILE = YES;
				IPHONEOS_DEPLOYMENT_TARGET = 15.5;
				MARKETING_VERSION = 1.0;
				PRODUCT_BUNDLE_IDENTIFIER = DedicationApp.DedicationAppTests;
				PRODUCT_NAME = "$(TARGET_NAME)";
				SWIFT_EMIT_LOC_STRINGS = NO;
				SWIFT_VERSION = 5.0;
				TARGETED_DEVICE_FAMILY = "1,2";
				TEST_HOST = "$(BUILT_PRODUCTS_DIR)/DedicationApp.app/DedicationApp";
			};
			name = Debug;
		};
		4243BDF129EAF1E200C14B68 /* Release */ = {
			isa = XCBuildConfiguration;
			buildSettings = {
				ALWAYS_EMBED_SWIFT_STANDARD_LIBRARIES = YES;
				BUNDLE_LOADER = "$(TEST_HOST)";
				CODE_SIGN_STYLE = Automatic;
				CURRENT_PROJECT_VERSION = 1;
				DEVELOPMENT_TEAM = F3937QGJ3R;
				GENERATE_INFOPLIST_FILE = YES;
				IPHONEOS_DEPLOYMENT_TARGET = 15.5;
				MARKETING_VERSION = 1.0;
				PRODUCT_BUNDLE_IDENTIFIER = DedicationApp.DedicationAppTests;
				PRODUCT_NAME = "$(TARGET_NAME)";
				SWIFT_EMIT_LOC_STRINGS = NO;
				SWIFT_VERSION = 5.0;
				TARGETED_DEVICE_FAMILY = "1,2";
				TEST_HOST = "$(BUILT_PRODUCTS_DIR)/DedicationApp.app/DedicationApp";
			};
			name = Release;
		};
		4243BDF329EAF1E200C14B68 /* Debug */ = {
			isa = XCBuildConfiguration;
			buildSettings = {
				ALWAYS_EMBED_SWIFT_STANDARD_LIBRARIES = YES;
				CODE_SIGN_STYLE = Automatic;
				CURRENT_PROJECT_VERSION = 1;
				DEVELOPMENT_TEAM = F3937QGJ3R;
				GENERATE_INFOPLIST_FILE = YES;
				MARKETING_VERSION = 1.0;
				PRODUCT_BUNDLE_IDENTIFIER = DedicationApp.DedicationAppUITests;
				PRODUCT_NAME = "$(TARGET_NAME)";
				SWIFT_EMIT_LOC_STRINGS = NO;
				SWIFT_VERSION = 5.0;
				TARGETED_DEVICE_FAMILY = "1,2";
				TEST_TARGET_NAME = DedicationApp;
			};
			name = Debug;
		};
		4243BDF429EAF1E200C14B68 /* Release */ = {
			isa = XCBuildConfiguration;
			buildSettings = {
				ALWAYS_EMBED_SWIFT_STANDARD_LIBRARIES = YES;
				CODE_SIGN_STYLE = Automatic;
				CURRENT_PROJECT_VERSION = 1;
				DEVELOPMENT_TEAM = F3937QGJ3R;
				GENERATE_INFOPLIST_FILE = YES;
				MARKETING_VERSION = 1.0;
				PRODUCT_BUNDLE_IDENTIFIER = DedicationApp.DedicationAppUITests;
				PRODUCT_NAME = "$(TARGET_NAME)";
				SWIFT_EMIT_LOC_STRINGS = NO;
				SWIFT_VERSION = 5.0;
				TARGETED_DEVICE_FAMILY = "1,2";
				TEST_TARGET_NAME = DedicationApp;
			};
			name = Release;
		};
/* End XCBuildConfiguration section */

/* Begin XCConfigurationList section */
		4243BDC329EAF1DF00C14B68 /* Build configuration list for PBXProject "DedicationApp" */ = {
			isa = XCConfigurationList;
			buildConfigurations = (
				4243BDEA29EAF1E200C14B68 /* Debug */,
				4243BDEB29EAF1E200C14B68 /* Release */,
			);
			defaultConfigurationIsVisible = 0;
			defaultConfigurationName = Release;
		};
		4243BDEC29EAF1E200C14B68 /* Build configuration list for PBXNativeTarget "DedicationApp" */ = {
			isa = XCConfigurationList;
			buildConfigurations = (
				4243BDED29EAF1E200C14B68 /* Debug */,
				4243BDEE29EAF1E200C14B68 /* Release */,
			);
			defaultConfigurationIsVisible = 0;
			defaultConfigurationName = Release;
		};
		4243BDEF29EAF1E200C14B68 /* Build configuration list for PBXNativeTarget "DedicationAppTests" */ = {
			isa = XCConfigurationList;
			buildConfigurations = (
				4243BDF029EAF1E200C14B68 /* Debug */,
				4243BDF129EAF1E200C14B68 /* Release */,
			);
			defaultConfigurationIsVisible = 0;
			defaultConfigurationName = Release;
		};
		4243BDF229EAF1E200C14B68 /* Build configuration list for PBXNativeTarget "DedicationAppUITests" */ = {
			isa = XCConfigurationList;
			buildConfigurations = (
				4243BDF329EAF1E200C14B68 /* Debug */,
				4243BDF429EAF1E200C14B68 /* Release */,
			);
			defaultConfigurationIsVisible = 0;
			defaultConfigurationName = Release;
		};
/* End XCConfigurationList section */
	};
	rootObject = 4243BDC029EAF1DF00C14B68 /* Project object */;
}
